// !$*UTF8*$!
{
	archiveVersion = 1;
	classes = {
	};
	objectVersion = 77;
	objects = {

/* Begin PBXContainerItemProxy section */
		ACDBB6F62D048F6D00263E4B /* PBXContainerItemProxy */ = {
			isa = PBXContainerItemProxy;
			containerPortal = ACDBB6DB2D048F6B00263E4B /* Project object */;
			proxyType = 1;
			remoteGlobalIDString = ACDBB6E22D048F6B00263E4B;
			remoteInfo = CollaborativeNotesAp;
		};
		ACDBB7002D048F6D00263E4B /* PBXContainerItemProxy */ = {
			isa = PBXContainerItemProxy;
			containerPortal = ACDBB6DB2D048F6B00263E4B /* Project object */;
			proxyType = 1;
			remoteGlobalIDString = ACDBB6E22D048F6B00263E4B;
			remoteInfo = CollaborativeNotesAp;
		};
/* End PBXContainerItemProxy section */

/* Begin PBXFileReference section */
		ACDBB6E32D048F6B00263E4B /* CollaborativeNotesAp.app */ = {isa = PBXFileReference; explicitFileType = wrapper.application; includeInIndex = 0; path = CollaborativeNotesAp.app; sourceTree = BUILT_PRODUCTS_DIR; };
		ACDBB6F52D048F6D00263E4B /* CollaborativeNotesApTests.xctest */ = {isa = PBXFileReference; explicitFileType = wrapper.cfbundle; includeInIndex = 0; path = CollaborativeNotesApTests.xctest; sourceTree = BUILT_PRODUCTS_DIR; };
		ACDBB6FF2D048F6D00263E4B /* CollaborativeNotesApUITests.xctest */ = {isa = PBXFileReference; explicitFileType = wrapper.cfbundle; includeInIndex = 0; path = CollaborativeNotesApUITests.xctest; sourceTree = BUILT_PRODUCTS_DIR; };
/* End PBXFileReference section */

/* Begin PBXFileSystemSynchronizedRootGroup section */
		ACDBB6E52D048F6B00263E4B /* CollaborativeNotesAp */ = {
			isa = PBXFileSystemSynchronizedRootGroup;
			path = CollaborativeNotesAp;
			sourceTree = "<group>";
		};
		ACDBB6F82D048F6D00263E4B /* CollaborativeNotesApTests */ = {
			isa = PBXFileSystemSynchronizedRootGroup;
			path = CollaborativeNotesApTests;
			sourceTree = "<group>";
		};
		ACDBB7022D048F6D00263E4B /* CollaborativeNotesApUITests */ = {
			isa = PBXFileSystemSynchronizedRootGroup;
			path = CollaborativeNotesApUITests;
			sourceTree = "<group>";
		};
/* End PBXFileSystemSynchronizedRootGroup section */

/* Begin PBXFrameworksBuildPhase section */
		ACDBB6E02D048F6B00263E4B /* Frameworks */ = {
			isa = PBXFrameworksBuildPhase;
			buildActionMask = 2147483647;
			files = (
			);
			runOnlyForDeploymentPostprocessing = 0;
		};
		ACDBB6F22D048F6D00263E4B /* Frameworks */ = {
			isa = PBXFrameworksBuildPhase;
			buildActionMask = 2147483647;
			files = (
			);
			runOnlyForDeploymentPostprocessing = 0;
		};
		ACDBB6FC2D048F6D00263E4B /* Frameworks */ = {
			isa = PBXFrameworksBuildPhase;
			buildActionMask = 2147483647;
			files = (
			);
			runOnlyForDeploymentPostprocessing = 0;
		};
/* End PBXFrameworksBuildPhase section */

/* Begin PBXGroup section */
		ACDBB6DA2D048F6B00263E4B = {
			isa = PBXGroup;
			children = (
				ACDBB6E52D048F6B00263E4B /* CollaborativeNotesAp */,
				ACDBB6F82D048F6D00263E4B /* CollaborativeNotesApTests */,
				ACDBB7022D048F6D00263E4B /* CollaborativeNotesApUITests */,
				ACDBB6E42D048F6B00263E4B /* Products */,
			);
			sourceTree = "<group>";
		};
		ACDBB6E42D048F6B00263E4B /* Products */ = {
			isa = PBXGroup;
			children = (
				ACDBB6E32D048F6B00263E4B /* CollaborativeNotesAp.app */,
				ACDBB6F52D048F6D00263E4B /* CollaborativeNotesApTests.xctest */,
				ACDBB6FF2D048F6D00263E4B /* CollaborativeNotesApUITests.xctest */,
			);
			name = Products;
			sourceTree = "<group>";
		};
/* End PBXGroup section */

/* Begin PBXNativeTarget section */
		ACDBB6E22D048F6B00263E4B /* CollaborativeNotesAp */ = {
			isa = PBXNativeTarget;
			buildConfigurationList = ACDBB7092D048F6D00263E4B /* Build configuration list for PBXNativeTarget "CollaborativeNotesAp" */;
			buildPhases = (
				ACDBB6DF2D048F6B00263E4B /* Sources */,
				ACDBB6E02D048F6B00263E4B /* Frameworks */,
				ACDBB6E12D048F6B00263E4B /* Resources */,
			);
			buildRules = (
			);
			dependencies = (
			);
			fileSystemSynchronizedGroups = (
				ACDBB6E52D048F6B00263E4B /* CollaborativeNotesAp */,
			);
			name = CollaborativeNotesAp;
			packageProductDependencies = (
			);
			productName = CollaborativeNotesAp;
			productReference = ACDBB6E32D048F6B00263E4B /* CollaborativeNotesAp.app */;
			productType = "com.apple.product-type.application";
		};
		ACDBB6F42D048F6D00263E4B /* CollaborativeNotesApTests */ = {
			isa = PBXNativeTarget;
			buildConfigurationList = ACDBB70C2D048F6D00263E4B /* Build configuration list for PBXNativeTarget "CollaborativeNotesApTests" */;
			buildPhases = (
				ACDBB6F12D048F6D00263E4B /* Sources */,
				ACDBB6F22D048F6D00263E4B /* Frameworks */,
				ACDBB6F32D048F6D00263E4B /* Resources */,
			);
			buildRules = (
			);
			dependencies = (
				ACDBB6F72D048F6D00263E4B /* PBXTargetDependency */,
			);
			fileSystemSynchronizedGroups = (
				ACDBB6F82D048F6D00263E4B /* CollaborativeNotesApTests */,
			);
			name = CollaborativeNotesApTests;
			packageProductDependencies = (
			);
			productName = CollaborativeNotesApTests;
			productReference = ACDBB6F52D048F6D00263E4B /* CollaborativeNotesApTests.xctest */;
			productType = "com.apple.product-type.bundle.unit-test";
		};
		ACDBB6FE2D048F6D00263E4B /* CollaborativeNotesApUITests */ = {
			isa = PBXNativeTarget;
			buildConfigurationList = ACDBB70F2D048F6D00263E4B /* Build configuration list for PBXNativeTarget "CollaborativeNotesApUITests" */;
			buildPhases = (
				ACDBB6FB2D048F6D00263E4B /* Sources */,
				ACDBB6FC2D048F6D00263E4B /* Frameworks */,
				ACDBB6FD2D048F6D00263E4B /* Resources */,
			);
			buildRules = (
			);
			dependencies = (
				ACDBB7012D048F6D00263E4B /* PBXTargetDependency */,
			);
			fileSystemSynchronizedGroups = (
				ACDBB7022D048F6D00263E4B /* CollaborativeNotesApUITests */,
			);
			name = CollaborativeNotesApUITests;
			packageProductDependencies = (
			);
			productName = CollaborativeNotesApUITests;
			productReference = ACDBB6FF2D048F6D00263E4B /* CollaborativeNotesApUITests.xctest */;
			productType = "com.apple.product-type.bundle.ui-testing";
		};
/* End PBXNativeTarget section */

/* Begin PBXProject section */
		ACDBB6DB2D048F6B00263E4B /* Project object */ = {
			isa = PBXProject;
			attributes = {
				BuildIndependentTargetsInParallel = 1;
				LastSwiftUpdateCheck = 1610;
				LastUpgradeCheck = 1610;
				TargetAttributes = {
					ACDBB6E22D048F6B00263E4B = {
						CreatedOnToolsVersion = 16.1;
					};
					ACDBB6F42D048F6D00263E4B = {
						CreatedOnToolsVersion = 16.1;
						TestTargetID = ACDBB6E22D048F6B00263E4B;
					};
					ACDBB6FE2D048F6D00263E4B = {
						CreatedOnToolsVersion = 16.1;
						TestTargetID = ACDBB6E22D048F6B00263E4B;
					};
				};
			};
			buildConfigurationList = ACDBB6DE2D048F6B00263E4B /* Build configuration list for PBXProject "CollaborativeNotesAp" */;
			developmentRegion = en;
			hasScannedForEncodings = 0;
			knownRegions = (
				en,
				Base,
			);
			mainGroup = ACDBB6DA2D048F6B00263E4B;
			minimizedProjectReferenceProxies = 1;
			preferredProjectObjectVersion = 77;
			productRefGroup = ACDBB6E42D048F6B00263E4B /* Products */;
			projectDirPath = "";
			projectRoot = "";
			targets = (
				ACDBB6E22D048F6B00263E4B /* CollaborativeNotesAp */,
				ACDBB6F42D048F6D00263E4B /* CollaborativeNotesApTests */,
				ACDBB6FE2D048F6D00263E4B /* CollaborativeNotesApUITests */,
			);
		};
/* End PBXProject section */

/* Begin PBXResourcesBuildPhase section */
		ACDBB6E12D048F6B00263E4B /* Resources */ = {
			isa = PBXResourcesBuildPhase;
			buildActionMask = 2147483647;
			files = (
			);
			runOnlyForDeploymentPostprocessing = 0;
		};
		ACDBB6F32D048F6D00263E4B /* Resources */ = {
			isa = PBXResourcesBuildPhase;
			buildActionMask = 2147483647;
			files = (
			);
			runOnlyForDeploymentPostprocessing = 0;
		};
		ACDBB6FD2D048F6D00263E4B /* Resources */ = {
			isa = PBXResourcesBuildPhase;
			buildActionMask = 2147483647;
			files = (
			);
			runOnlyForDeploymentPostprocessing = 0;
		};
/* End PBXResourcesBuildPhase section */

/* Begin PBXSourcesBuildPhase section */
		ACDBB6DF2D048F6B00263E4B /* Sources */ = {
			isa = PBXSourcesBuildPhase;
			buildActionMask = 2147483647;
			files = (
			);
			runOnlyForDeploymentPostprocessing = 0;
		};
		ACDBB6F12D048F6D00263E4B /* Sources */ = {
			isa = PBXSourcesBuildPhase;
			buildActionMask = 2147483647;
			files = (
			);
			runOnlyForDeploymentPostprocessing = 0;
		};
		ACDBB6FB2D048F6D00263E4B /* Sources */ = {
			isa = PBXSourcesBuildPhase;
			buildActionMask = 2147483647;
			files = (
			);
			runOnlyForDeploymentPostprocessing = 0;
		};
/* End PBXSourcesBuildPhase section */

/* Begin PBXTargetDependency section */
		ACDBB6F72D048F6D00263E4B /* PBXTargetDependency */ = {
			isa = PBXTargetDependency;
			target = ACDBB6E22D048F6B00263E4B /* CollaborativeNotesAp */;
			targetProxy = ACDBB6F62D048F6D00263E4B /* PBXContainerItemProxy */;
		};
		ACDBB7012D048F6D00263E4B /* PBXTargetDependency */ = {
			isa = PBXTargetDependency;
			target = ACDBB6E22D048F6B00263E4B /* CollaborativeNotesAp */;
			targetProxy = ACDBB7002D048F6D00263E4B /* PBXContainerItemProxy */;
		};
/* End PBXTargetDependency section */

/* Begin XCBuildConfiguration section */
		ACDBB7072D048F6D00263E4B /* Debug */ = {
			isa = XCBuildConfiguration;
			buildSettings = {
				ALWAYS_SEARCH_USER_PATHS = NO;
				ASSETCATALOG_COMPILER_GENERATE_SWIFT_ASSET_SYMBOL_EXTENSIONS = YES;
				CLANG_ANALYZER_NONNULL = YES;
				CLANG_ANALYZER_NUMBER_OBJECT_CONVERSION = YES_AGGRESSIVE;
				CLANG_CXX_LANGUAGE_STANDARD = "gnu++20";
				CLANG_ENABLE_MODULES = YES;
				CLANG_ENABLE_OBJC_ARC = YES;
				CLANG_ENABLE_OBJC_WEAK = YES;
				CLANG_WARN_BLOCK_CAPTURE_AUTORELEASING = YES;
				CLANG_WARN_BOOL_CONVERSION = YES;
				CLANG_WARN_COMMA = YES;
				CLANG_WARN_CONSTANT_CONVERSION = YES;
				CLANG_WARN_DEPRECATED_OBJC_IMPLEMENTATIONS = YES;
				CLANG_WARN_DIRECT_OBJC_ISA_USAGE = YES_ERROR;
				CLANG_WARN_DOCUMENTATION_COMMENTS = YES;
				CLANG_WARN_EMPTY_BODY = YES;
				CLANG_WARN_ENUM_CONVERSION = YES;
				CLANG_WARN_INFINITE_RECURSION = YES;
				CLANG_WARN_INT_CONVERSION = YES;
				CLANG_WARN_NON_LITERAL_NULL_CONVERSION = YES;
				CLANG_WARN_OBJC_IMPLICIT_RETAIN_SELF = YES;
				CLANG_WARN_OBJC_LITERAL_CONVERSION = YES;
				CLANG_WARN_OBJC_ROOT_CLASS = YES_ERROR;
				CLANG_WARN_QUOTED_INCLUDE_IN_FRAMEWORK_HEADER = YES;
				CLANG_WARN_RANGE_LOOP_ANALYSIS = YES;
				CLANG_WARN_STRICT_PROTOTYPES = YES;
				CLANG_WARN_SUSPICIOUS_MOVE = YES;
				CLANG_WARN_UNGUARDED_AVAILABILITY = YES_AGGRESSIVE;
				CLANG_WARN_UNREACHABLE_CODE = YES;
				CLANG_WARN__DUPLICATE_METHOD_MATCH = YES;
				COPY_PHASE_STRIP = NO;
				DEBUG_INFORMATION_FORMAT = dwarf;
				ENABLE_STRICT_OBJC_MSGSEND = YES;
				ENABLE_TESTABILITY = YES;
				ENABLE_USER_SCRIPT_SANDBOXING = YES;
				GCC_C_LANGUAGE_STANDARD = gnu17;
				GCC_DYNAMIC_NO_PIC = NO;
				GCC_NO_COMMON_BLOCKS = YES;
				GCC_OPTIMIZATION_LEVEL = 0;
				GCC_PREPROCESSOR_DEFINITIONS = (
					"DEBUG=1",
					"$(inherited)",
				);
				GCC_WARN_64_TO_32_BIT_CONVERSION = YES;
				GCC_WARN_ABOUT_RETURN_TYPE = YES_ERROR;
				GCC_WARN_UNDECLARED_SELECTOR = YES;
				GCC_WARN_UNINITIALIZED_AUTOS = YES_AGGRESSIVE;
				GCC_WARN_UNUSED_FUNCTION = YES;
				GCC_WARN_UNUSED_VARIABLE = YES;
				IPHONEOS_DEPLOYMENT_TARGET = 18.1;
				LOCALIZATION_PREFERS_STRING_CATALOGS = YES;
				MTL_ENABLE_DEBUG_INFO = INCLUDE_SOURCE;
				MTL_FAST_MATH = YES;
				ONLY_ACTIVE_ARCH = YES;
				SDKROOT = iphoneos;
				SWIFT_ACTIVE_COMPILATION_CONDITIONS = "DEBUG $(inherited)";
				SWIFT_OPTIMIZATION_LEVEL = "-Onone";
			};
			name = Debug;
		};
		ACDBB7082D048F6D00263E4B /* Release */ = {
			isa = XCBuildConfiguration;
			buildSettings = {
				ALWAYS_SEARCH_USER_PATHS = NO;
				ASSETCATALOG_COMPILER_GENERATE_SWIFT_ASSET_SYMBOL_EXTENSIONS = YES;
				CLANG_ANALYZER_NONNULL = YES;
				CLANG_ANALYZER_NUMBER_OBJECT_CONVERSION = YES_AGGRESSIVE;
				CLANG_CXX_LANGUAGE_STANDARD = "gnu++20";
				CLANG_ENABLE_MODULES = YES;
				CLANG_ENABLE_OBJC_ARC = YES;
				CLANG_ENABLE_OBJC_WEAK = YES;
				CLANG_WARN_BLOCK_CAPTURE_AUTORELEASING = YES;
				CLANG_WARN_BOOL_CONVERSION = YES;
				CLANG_WARN_COMMA = YES;
				CLANG_WARN_CONSTANT_CONVERSION = YES;
				CLANG_WARN_DEPRECATED_OBJC_IMPLEMENTATIONS = YES;
				CLANG_WARN_DIRECT_OBJC_ISA_USAGE = YES_ERROR;
				CLANG_WARN_DOCUMENTATION_COMMENTS = YES;
				CLANG_WARN_EMPTY_BODY = YES;
				CLANG_WARN_ENUM_CONVERSION = YES;
				CLANG_WARN_INFINITE_RECURSION = YES;
				CLANG_WARN_INT_CONVERSION = YES;
				CLANG_WARN_NON_LITERAL_NULL_CONVERSION = YES;
				CLANG_WARN_OBJC_IMPLICIT_RETAIN_SELF = YES;
				CLANG_WARN_OBJC_LITERAL_CONVERSION = YES;
				CLANG_WARN_OBJC_ROOT_CLASS = YES_ERROR;
				CLANG_WARN_QUOTED_INCLUDE_IN_FRAMEWORK_HEADER = YES;
				CLANG_WARN_RANGE_LOOP_ANALYSIS = YES;
				CLANG_WARN_STRICT_PROTOTYPES = YES;
				CLANG_WARN_SUSPICIOUS_MOVE = YES;
				CLANG_WARN_UNGUARDED_AVAILABILITY = YES_AGGRESSIVE;
				CLANG_WARN_UNREACHABLE_CODE = YES;
				CLANG_WARN__DUPLICATE_METHOD_MATCH = YES;
				COPY_PHASE_STRIP = NO;
				DEBUG_INFORMATION_FORMAT = "dwarf-with-dsym";
				ENABLE_NS_ASSERTIONS = NO;
				ENABLE_STRICT_OBJC_MSGSEND = YES;
				ENABLE_USER_SCRIPT_SANDBOXING = YES;
				GCC_C_LANGUAGE_STANDARD = gnu17;
				GCC_NO_COMMON_BLOCKS = YES;
				GCC_WARN_64_TO_32_BIT_CONVERSION = YES;
				GCC_WARN_ABOUT_RETURN_TYPE = YES_ERROR;
				GCC_WARN_UNDECLARED_SELECTOR = YES;
				GCC_WARN_UNINITIALIZED_AUTOS = YES_AGGRESSIVE;
				GCC_WARN_UNUSED_FUNCTION = YES;
				GCC_WARN_UNUSED_VARIABLE = YES;
				IPHONEOS_DEPLOYMENT_TARGET = 18.1;
				LOCALIZATION_PREFERS_STRING_CATALOGS = YES;
				MTL_ENABLE_DEBUG_INFO = NO;
				MTL_FAST_MATH = YES;
				SDKROOT = iphoneos;
				SWIFT_COMPILATION_MODE = wholemodule;
				VALIDATE_PRODUCT = YES;
			};
			name = Release;
		};
		ACDBB70A2D048F6D00263E4B /* Debug */ = {
			isa = XCBuildConfiguration;
			buildSettings = {
				ASSETCATALOG_COMPILER_APPICON_NAME = AppIcon;
				ASSETCATALOG_COMPILER_GLOBAL_ACCENT_COLOR_NAME = AccentColor;
				CODE_SIGN_STYLE = Automatic;
				CURRENT_PROJECT_VERSION = 1;
				DEVELOPMENT_ASSET_PATHS = "\"CollaborativeNotesAp/Preview Content\"";
				DEVELOPMENT_TEAM = 2D4F7AKN6S;
				ENABLE_PREVIEWS = YES;
				GENERATE_INFOPLIST_FILE = YES;
				INFOPLIST_KEY_UIApplicationSceneManifest_Generation = YES;
				INFOPLIST_KEY_UIApplicationSupportsIndirectInputEvents = YES;
				INFOPLIST_KEY_UILaunchScreen_Generation = YES;
				INFOPLIST_KEY_UISupportedInterfaceOrientations_iPad = "UIInterfaceOrientationPortrait UIInterfaceOrientationPortraitUpsideDown UIInterfaceOrientationLandscapeLeft UIInterfaceOrientationLandscapeRight";
				INFOPLIST_KEY_UISupportedInterfaceOrientations_iPhone = "UIInterfaceOrientationPortrait UIInterfaceOrientationLandscapeLeft UIInterfaceOrientationLandscapeRight";
				LD_RUNPATH_SEARCH_PATHS = (
					"$(inherited)",
					"@executable_path/Frameworks",
				);
				MARKETING_VERSION = 1.0;
				PRODUCT_BUNDLE_IDENTIFIER = personal.CollaborativeNotesAp;
				PRODUCT_NAME = "$(TARGET_NAME)";
				SWIFT_EMIT_LOC_STRINGS = YES;
				SWIFT_VERSION = 5.0;
				TARGETED_DEVICE_FAMILY = "1,2";
			};
			name = Debug;
		};
		ACDBB70B2D048F6D00263E4B /* Release */ = {
			isa = XCBuildConfiguration;
			buildSettings = {
				ASSETCATALOG_COMPILER_APPICON_NAME = AppIcon;
				ASSETCATALOG_COMPILER_GLOBAL_ACCENT_COLOR_NAME = AccentColor;
				CODE_SIGN_STYLE = Automatic;
				CURRENT_PROJECT_VERSION = 1;
				DEVELOPMENT_ASSET_PATHS = "\"CollaborativeNotesAp/Preview Content\"";
				DEVELOPMENT_TEAM = 2D4F7AKN6S;
				ENABLE_PREVIEWS = YES;
				GENERATE_INFOPLIST_FILE = YES;
				INFOPLIST_KEY_UIApplicationSceneManifest_Generation = YES;
				INFOPLIST_KEY_UIApplicationSupportsIndirectInputEvents = YES;
				INFOPLIST_KEY_UILaunchScreen_Generation = YES;
				INFOPLIST_KEY_UISupportedInterfaceOrientations_iPad = "UIInterfaceOrientationPortrait UIInterfaceOrientationPortraitUpsideDown UIInterfaceOrientationLandscapeLeft UIInterfaceOrientationLandscapeRight";
				INFOPLIST_KEY_UISupportedInterfaceOrientations_iPhone = "UIInterfaceOrientationPortrait UIInterfaceOrientationLandscapeLeft UIInterfaceOrientationLandscapeRight";
				LD_RUNPATH_SEARCH_PATHS = (
					"$(inherited)",
					"@executable_path/Frameworks",
				);
				MARKETING_VERSION = 1.0;
				PRODUCT_BUNDLE_IDENTIFIER = personal.CollaborativeNotesAp;
				PRODUCT_NAME = "$(TARGET_NAME)";
				SWIFT_EMIT_LOC_STRINGS = YES;
				SWIFT_VERSION = 5.0;
				TARGETED_DEVICE_FAMILY = "1,2";
			};
			name = Release;
		};
		ACDBB70D2D048F6D00263E4B /* Debug */ = {
			isa = XCBuildConfiguration;
			buildSettings = {
				BUNDLE_LOADER = "$(TEST_HOST)";
				CODE_SIGN_STYLE = Automatic;
				CURRENT_PROJECT_VERSION = 1;
				DEVELOPMENT_TEAM = 2D4F7AKN6S;
				GENERATE_INFOPLIST_FILE = YES;
				IPHONEOS_DEPLOYMENT_TARGET = 18.1;
				MARKETING_VERSION = 1.0;
				PRODUCT_BUNDLE_IDENTIFIER = personal.CollaborativeNotesApTests;
				PRODUCT_NAME = "$(TARGET_NAME)";
				SWIFT_EMIT_LOC_STRINGS = NO;
				SWIFT_VERSION = 5.0;
				TARGETED_DEVICE_FAMILY = "1,2";
				TEST_HOST = "$(BUILT_PRODUCTS_DIR)/CollaborativeNotesAp.app/$(BUNDLE_EXECUTABLE_FOLDER_PATH)/CollaborativeNotesAp";
			};
			name = Debug;
		};
		ACDBB70E2D048F6D00263E4B /* Release */ = {
			isa = XCBuildConfiguration;
			buildSettings = {
				BUNDLE_LOADER = "$(TEST_HOST)";
				CODE_SIGN_STYLE = Automatic;
				CURRENT_PROJECT_VERSION = 1;
				DEVELOPMENT_TEAM = 2D4F7AKN6S;
				GENERATE_INFOPLIST_FILE = YES;
				IPHONEOS_DEPLOYMENT_TARGET = 18.1;
				MARKETING_VERSION = 1.0;
				PRODUCT_BUNDLE_IDENTIFIER = personal.CollaborativeNotesApTests;
				PRODUCT_NAME = "$(TARGET_NAME)";
				SWIFT_EMIT_LOC_STRINGS = NO;
				SWIFT_VERSION = 5.0;
				TARGETED_DEVICE_FAMILY = "1,2";
				TEST_HOST = "$(BUILT_PRODUCTS_DIR)/CollaborativeNotesAp.app/$(BUNDLE_EXECUTABLE_FOLDER_PATH)/CollaborativeNotesAp";
			};
			name = Release;
		};
		ACDBB7102D048F6D00263E4B /* Debug */ = {
			isa = XCBuildConfiguration;
			buildSettings = {
				CODE_SIGN_STYLE = Automatic;
				CURRENT_PROJECT_VERSION = 1;
				DEVELOPMENT_TEAM = 2D4F7AKN6S;
				GENERATE_INFOPLIST_FILE = YES;
				MARKETING_VERSION = 1.0;
				PRODUCT_BUNDLE_IDENTIFIER = personal.CollaborativeNotesApUITests;
				PRODUCT_NAME = "$(TARGET_NAME)";
				SWIFT_EMIT_LOC_STRINGS = NO;
				SWIFT_VERSION = 5.0;
				TARGETED_DEVICE_FAMILY = "1,2";
				TEST_TARGET_NAME = CollaborativeNotesAp;
			};
			name = Debug;
		};
		ACDBB7112D048F6D00263E4B /* Release */ = {
			isa = XCBuildConfiguration;
			buildSettings = {
				CODE_SIGN_STYLE = Automatic;
				CURRENT_PROJECT_VERSION = 1;
				DEVELOPMENT_TEAM = 2D4F7AKN6S;
				GENERATE_INFOPLIST_FILE = YES;
				MARKETING_VERSION = 1.0;
				PRODUCT_BUNDLE_IDENTIFIER = personal.CollaborativeNotesApUITests;
				PRODUCT_NAME = "$(TARGET_NAME)";
				SWIFT_EMIT_LOC_STRINGS = NO;
				SWIFT_VERSION = 5.0;
				TARGETED_DEVICE_FAMILY = "1,2";
				TEST_TARGET_NAME = CollaborativeNotesAp;
			};
			name = Release;
		};
/* End XCBuildConfiguration section */

/* Begin XCConfigurationList section */
		ACDBB6DE2D048F6B00263E4B /* Build configuration list for PBXProject "CollaborativeNotesAp" */ = {
			isa = XCConfigurationList;
			buildConfigurations = (
				ACDBB7072D048F6D00263E4B /* Debug */,
				ACDBB7082D048F6D00263E4B /* Release */,
			);
			defaultConfigurationIsVisible = 0;
			defaultConfigurationName = Release;
		};
		ACDBB7092D048F6D00263E4B /* Build configuration list for PBXNativeTarget "CollaborativeNotesAp" */ = {
			isa = XCConfigurationList;
			buildConfigurations = (
				ACDBB70A2D048F6D00263E4B /* Debug */,
				ACDBB70B2D048F6D00263E4B /* Release */,
			);
			defaultConfigurationIsVisible = 0;
			defaultConfigurationName = Release;
		};
		ACDBB70C2D048F6D00263E4B /* Build configuration list for PBXNativeTarget "CollaborativeNotesApTests" */ = {
			isa = XCConfigurationList;
			buildConfigurations = (
				ACDBB70D2D048F6D00263E4B /* Debug */,
				ACDBB70E2D048F6D00263E4B /* Release */,
			);
			defaultConfigurationIsVisible = 0;
			defaultConfigurationName = Release;
		};
		ACDBB70F2D048F6D00263E4B /* Build configuration list for PBXNativeTarget "CollaborativeNotesApUITests" */ = {
			isa = XCConfigurationList;
			buildConfigurations = (
				ACDBB7102D048F6D00263E4B /* Debug */,
				ACDBB7112D048F6D00263E4B /* Release */,
			);
			defaultConfigurationIsVisible = 0;
			defaultConfigurationName = Release;
		};
/* End XCConfigurationList section */
	};
	rootObject = ACDBB6DB2D048F6B00263E4B /* Project object */;
}
